{
  "lockfileVersion": 1,
  "workspaces": {
    "": {
      "name": "@tonkite/tree-sitter-tolk",
      "devDependencies": {
        "@tsconfig/node18": "^18.2.4",
        "@types/node": "^22.10.2",
        "typescript": "^5.7.2",
        "web-tree-sitter": "^0.24.5",
      },
      "peerDependencies": {
        "web-tree-sitter": "^0.24.5",
      },
    },
  },
  "packages": {
    "@tsconfig/node18": ["@tsconfig/node18@18.2.4", "", {}, "sha512-5xxU8vVs9/FNcvm3gE07fPbn9tl6tqGGWA9tSlwsUEkBxtRnTsNmwrV8gasZ9F/EobaSv9+nu8AxUKccw77JpQ=="],

    "@types/node": ["@types/node@22.15.32", "", { "dependencies": { "undici-types": "~6.21.0" } }, "sha512-3jigKqgSjsH6gYZv2nEsqdXfZqIFGAV36XYYjf9KGZ3PSG+IhLecqPnI310RvjutyMwifE2hhhNEklOUrvx/wA=="],

    "typescript": ["typescript@5.8.3", "", { "bin": { "tsc": "bin/tsc", "tsserver": "bin/tsserver" } }, "sha512-p1diW6TqL9L07nNxvRMM7hMMw4c5XOo/1ibL4aAIGmSAt9slTE1Xgw5KWuof2uTOvCg9BY7ZRi+GaF+7sfgPeQ=="],

    "undici-types": ["undici-types@6.21.0", "", {}, "sha512-iwDZqg0QAGrg9Rav5H4n0M64c3mkR59cJ6wQp+7C4nI0gsmExaedaYLNO44eT4AtBBwjbTiGPMlt2Md0T9H9JQ=="],

    "web-tree-sitter": ["web-tree-sitter@0.24.7", "", {}, "sha512-CdC/TqVFbXqR+C51v38hv6wOPatKEUGxa39scAeFSm98wIhZxAYonhRQPSMmfZ2w7JDI0zQDdzdmgtNk06/krQ=="],
  }
}
